# This file is automatically @generated by Cargo.
# It is not intended for manual editing.
version = 4

[[package]]
name = "bitflags"
version = "2.9.2"
source = "registry+https://github.com/rust-lang/crates.io-index"
checksum = "6a65b545ab31d687cff52899d4890855fec459eb6afe0da6417b8a18da87aa29"

[[package]]
name = "linux-raw-sys"
version = "0.10.0"
source = "registry+https://github.com/rust-lang/crates.io-index"
checksum = "13d6a630ed4f43c11056af8768c4773df2c43bc780b6d8a46de345c17236c562"

[[package]]
name = "xenia"
version = "0.0.2"
dependencies = [
 "bitflags",
 "linux-raw-sys",
]
