# This file is automatically @generated by Cargo.
# It is not intended for manual editing.
version = 3

[[package]]
name = "linux-raw-sys"
version = "0.6.4"
source = "registry+https://github.com/rust-lang/crates.io-index"
checksum = "f0b5399f6804fbab912acbd8878ed3532d506b7c951b8f9f164ef90fef39e3f4"

[[package]]
name = "xenia"
version = "0.0.1"
dependencies = [
 "linux-raw-sys",
]
