# This file is automatically @generated by Cargo.
# It is not intended for manual editing.
version = 3

[[package]]
name = "bitflags"
version = "2.5.0"
source = "registry+https://github.com/rust-lang/crates.io-index"
checksum = "cf4b9d6a944f767f8e5e0db018570623c85f3d925ac718db4e06d0187adb21c1"

[[package]]
name = "linux-raw-sys"
version = "0.6.4"
source = "registry+https://github.com/rust-lang/crates.io-index"
checksum = "f0b5399f6804fbab912acbd8878ed3532d506b7c951b8f9f164ef90fef39e3f4"

[[package]]
name = "xenia"
version = "0.0.2"
dependencies = [
 "bitflags",
 "linux-raw-sys",
]
